%{"phoenix_gen_socket_client": {:hex, :phoenix_gen_socket_client, "1.1.1", "d1fbe7f053a0e91eb4f6fa527c1c8a365da1a07b1d5c2993626cc899d98b36d2", [:mix], [], "hexpm"},
  "poison": {:hex, :poison, "1.5.2", "560bdfb7449e3ddd23a096929fb9fc2122f709bcc758b2d5d5a5c7d0ea848910", [:mix], [], "hexpm"},
  "websocket_client": {:git, "https://github.com/sanmiguel/websocket_client.git", "16cd139a71d99813ec0c0cd1d8cb92dbde93d9c7", [tag: "1.1.0"]}}
